
Microsoft Visual Studio Solution File, Format Version 12.00
# Visual Studio 15
VisualStudioVersion = 15.0.26403.0
MinimumVisualStudioVersion = 10.0.40219.1
Project("{FAE04EC0-301F-11D3-BF4B-00C04F79EFBC}") = "Shapes", "Shapes\Shapes.csproj", "{8755F150-3259-4CA5-BAFB-3E258ADCDCF6}"
EndProject
Project("{FAE04EC0-301F-11D3-BF4B-00C04F79EFBC}") = "Cars", "Cars\Cars.csproj", "{ABFF6D5A-192C-497C-B769-78A631088ECD}"
EndProject
Global
	GlobalSection(SolutionConfigurationPlatforms) = preSolution
		Debug|Any CPU = Debug|Any CPU
		Release|Any CPU = Release|Any CPU
	EndGlobalSection
	GlobalSection(ProjectConfigurationPlatforms) = postSolution
		{8755F150-3259-4CA5-BAFB-3E258ADCDCF6}.Debug|Any CPU.ActiveCfg = Debug|Any CPU
		{8755F150-3259-4CA5-BAFB-3E258ADCDCF6}.Debug|Any CPU.Build.0 = Debug|Any CPU
		{8755F150-3259-4CA5-BAFB-3E258ADCDCF6}.Release|Any CPU.ActiveCfg = Release|Any CPU
		{8755F150-3259-4CA5-BAFB-3E258ADCDCF6}.Release|Any CPU.Build.0 = Release|Any CPU
		{ABFF6D5A-192C-497C-B769-78A631088ECD}.Debug|Any CPU.ActiveCfg = Debug|Any CPU
		{ABFF6D5A-192C-497C-B769-78A631088ECD}.Debug|Any CPU.Build.0 = Debug|Any CPU
		{ABFF6D5A-192C-497C-B769-78A631088ECD}.Release|Any CPU.ActiveCfg = Release|Any CPU
		{ABFF6D5A-192C-497C-B769-78A631088ECD}.Release|Any CPU.Build.0 = Release|Any CPU
	EndGlobalSection
	GlobalSection(SolutionProperties) = preSolution
		HideSolutionNode = FALSE
	EndGlobalSection
EndGlobal
