
Microsoft Visual Studio Solution File, Format Version 12.00
# Visual Studio 15
VisualStudioVersion = 15.0.26403.0
MinimumVisualStudioVersion = 10.0.40219.1
Project("{FAE04EC0-301F-11D3-BF4B-00C04F79EFBC}") = "01. Box", "01. Box\01. Box.csproj", "{F6073FC9-6181-4243-92B4-587407198CF6}"
EndProject
Project("{FAE04EC0-301F-11D3-BF4B-00C04F79EFBC}") = "02. GenericArrayCreator", "02. GenericArrayCreator\02. GenericArrayCreator.csproj", "{9867C02E-E2F7-46CC-B1DB-467D62FC9B56}"
EndProject
Project("{FAE04EC0-301F-11D3-BF4B-00C04F79EFBC}") = "03. GenericScale", "03. GenericScale\03. GenericScale.csproj", "{B420AD72-5C36-4609-8CF8-89EE717981B7}"
EndProject
Global
	GlobalSection(SolutionConfigurationPlatforms) = preSolution
		Debug|Any CPU = Debug|Any CPU
		Release|Any CPU = Release|Any CPU
	EndGlobalSection
	GlobalSection(ProjectConfigurationPlatforms) = postSolution
		{F6073FC9-6181-4243-92B4-587407198CF6}.Debug|Any CPU.ActiveCfg = Debug|Any CPU
		{F6073FC9-6181-4243-92B4-587407198CF6}.Debug|Any CPU.Build.0 = Debug|Any CPU
		{F6073FC9-6181-4243-92B4-587407198CF6}.Release|Any CPU.ActiveCfg = Release|Any CPU
		{F6073FC9-6181-4243-92B4-587407198CF6}.Release|Any CPU.Build.0 = Release|Any CPU
		{9867C02E-E2F7-46CC-B1DB-467D62FC9B56}.Debug|Any CPU.ActiveCfg = Debug|Any CPU
		{9867C02E-E2F7-46CC-B1DB-467D62FC9B56}.Debug|Any CPU.Build.0 = Debug|Any CPU
		{9867C02E-E2F7-46CC-B1DB-467D62FC9B56}.Release|Any CPU.ActiveCfg = Release|Any CPU
		{9867C02E-E2F7-46CC-B1DB-467D62FC9B56}.Release|Any CPU.Build.0 = Release|Any CPU
		{B420AD72-5C36-4609-8CF8-89EE717981B7}.Debug|Any CPU.ActiveCfg = Debug|Any CPU
		{B420AD72-5C36-4609-8CF8-89EE717981B7}.Debug|Any CPU.Build.0 = Debug|Any CPU
		{B420AD72-5C36-4609-8CF8-89EE717981B7}.Release|Any CPU.ActiveCfg = Release|Any CPU
		{B420AD72-5C36-4609-8CF8-89EE717981B7}.Release|Any CPU.Build.0 = Release|Any CPU
	EndGlobalSection
	GlobalSection(SolutionProperties) = preSolution
		HideSolutionNode = FALSE
	EndGlobalSection
EndGlobal
